
Microsoft Visual Studio Solution File, Format Version 12.00
# Visual Studio Version 16
VisualStudioVersion = 16.0.29613.14
MinimumVisualStudioVersion = 10.0.40219.1
Project("{FAE04EC0-301F-11D3-BF4B-00C04F79EFBC}") = "Google API", "Google API\Google API.csproj", "{236A1EB5-8CA5-467C-B957-8C6D409DF608}"
EndProject
Global
	GlobalSection(SolutionConfigurationPlatforms) = preSolution
		Debug|Any CPU = Debug|Any CPU
		Release|Any CPU = Release|Any CPU
	EndGlobalSection
	GlobalSection(ProjectConfigurationPlatforms) = postSolution
		{236A1EB5-8CA5-467C-B957-8C6D409DF608}.Debug|Any CPU.ActiveCfg = Debug|Any CPU
		{236A1EB5-8CA5-467C-B957-8C6D409DF608}.Debug|Any CPU.Build.0 = Debug|Any CPU
		{236A1EB5-8CA5-467C-B957-8C6D409DF608}.Release|Any CPU.ActiveCfg = Release|Any CPU
		{236A1EB5-8CA5-467C-B957-8C6D409DF608}.Release|Any CPU.Build.0 = Release|Any CPU
	EndGlobalSection
	GlobalSection(SolutionProperties) = preSolution
		HideSolutionNode = FALSE
	EndGlobalSection
	GlobalSection(ExtensibilityGlobals) = postSolution
		SolutionGuid = {CEA1F477-00DB-468F-8EE8-BF734C72C968}
	EndGlobalSection
EndGlobal
